
Microsoft Visual Studio Solution File, Format Version 12.00
# Visual Studio Version 16
VisualStudioVersion = 16.0.31729.503
MinimumVisualStudioVersion = 10.0.40219.1
Project("{E24C65DC-7377-472B-9ABA-BC803B73C61A}") = "site", ".", "{D5442649-C4D8-4E41-AE3F-D5D4EF70BA2B}"
	ProjectSection(WebsiteProperties) = preProject
		TargetFrameworkMoniker = ".NETFramework,Version%3Dv3.5"
		Debug.AspNetCompiler.VirtualPath = "/localhost_61601"
		Debug.AspNetCompiler.PhysicalPath = "..\site\"
		Debug.AspNetCompiler.TargetPath = "PrecompiledWeb\localhost_61601\"
		Debug.AspNetCompiler.Updateable = "true"
		Debug.AspNetCompiler.ForceOverwrite = "true"
		Debug.AspNetCompiler.FixedNames = "false"
		Debug.AspNetCompiler.Debug = "True"
		Release.AspNetCompiler.VirtualPath = "/localhost_61601"
		Release.AspNetCompiler.PhysicalPath = "..\site\"
		Release.AspNetCompiler.TargetPath = "PrecompiledWeb\localhost_61601\"
		Release.AspNetCompiler.Updateable = "true"
		Release.AspNetCompiler.ForceOverwrite = "true"
		Release.AspNetCompiler.FixedNames = "false"
		Release.AspNetCompiler.Debug = "False"
		VWDPort = "61601"
		SlnRelativePath = "..\site\"
	EndProjectSection
EndProject
Global
	GlobalSection(SolutionConfigurationPlatforms) = preSolution
		Debug|Any CPU = Debug|Any CPU
	EndGlobalSection
	GlobalSection(ProjectConfigurationPlatforms) = postSolution
		{D5442649-C4D8-4E41-AE3F-D5D4EF70BA2B}.Debug|Any CPU.ActiveCfg = Debug|Any CPU
		{D5442649-C4D8-4E41-AE3F-D5D4EF70BA2B}.Debug|Any CPU.Build.0 = Debug|Any CPU
	EndGlobalSection
	GlobalSection(SolutionProperties) = preSolution
		HideSolutionNode = FALSE
	EndGlobalSection
	GlobalSection(ExtensibilityGlobals) = postSolution
		SolutionGuid = {A19939DB-BCB6-4EE8-BA1A-6CEB783924E9}
	EndGlobalSection
EndGlobal
